// !$*UTF8*$!
{
	archiveVersion = 1;
	classes = {
	};
	objectVersion = 55;
	objects = {

/* Begin PBXBuildFile section */
		353ED19228885C60005214A7 /* Intro.storyboard in Resources */ = {isa = PBXBuildFile; fileRef = 353ED19128885C60005214A7 /* Intro.storyboard */; };
		353ED19428885C90005214A7 /* AlarmViewViewController.swift in Sources */ = {isa = PBXBuildFile; fileRef = 353ED19328885C90005214A7 /* AlarmViewViewController.swift */; };
		3573CDA8287BA52800569CB7 /* AppDelegate.swift in Sources */ = {isa = PBXBuildFile; fileRef = 3573CDA7287BA52800569CB7 /* AppDelegate.swift */; };
		3573CDAA287BA52800569CB7 /* SceneDelegate.swift in Sources */ = {isa = PBXBuildFile; fileRef = 3573CDA9287BA52800569CB7 /* SceneDelegate.swift */; };
		3573CDAC287BA52800569CB7 /* ViewController.swift in Sources */ = {isa = PBXBuildFile; fileRef = 3573CDAB287BA52800569CB7 /* ViewController.swift */; };
		3573CDAF287BA52800569CB7 /* Main.storyboard in Resources */ = {isa = PBXBuildFile; fileRef = 3573CDAD287BA52800569CB7 /* Main.storyboard */; };
		3573CDB1287BA52A00569CB7 /* Assets.xcassets in Resources */ = {isa = PBXBuildFile; fileRef = 3573CDB0287BA52A00569CB7 /* Assets.xcassets */; };
		3573CDB4287BA52A00569CB7 /* LaunchScreen.storyboard in Resources */ = {isa = PBXBuildFile; fileRef = 3573CDB2287BA52A00569CB7 /* LaunchScreen.storyboard */; };
		35AFEB4B287D2138002F92A6 /* SecondViewController.swift in Sources */ = {isa = PBXBuildFile; fileRef = 35AFEB4A287D2138002F92A6 /* SecondViewController.swift */; };
		35B90FC72880F04A0041D467 /* SecondTransition01ViewController.swift in Sources */ = {isa = PBXBuildFile; fileRef = 35B90FC62880F04A0041D467 /* SecondTransition01ViewController.swift */; };
		35B90FC92880FE0A0041D467 /* SecondTrasition02ViewController.swift in Sources */ = {isa = PBXBuildFile; fileRef = 35B90FC82880FE0A0041D467 /* SecondTrasition02ViewController.swift */; };
		35F659992880E87E00BEFDF6 /* Second.storyboard in Resources */ = {isa = PBXBuildFile; fileRef = 35F659982880E87E00BEFDF6 /* Second.storyboard */; };
/* End PBXBuildFile section */

/* Begin PBXFileReference section */
		353ED19128885C60005214A7 /* Intro.storyboard */ = {isa = PBXFileReference; lastKnownFileType = file.storyboard; path = Intro.storyboard; sourceTree = "<group>"; };
		353ED19328885C90005214A7 /* AlarmViewViewController.swift */ = {isa = PBXFileReference; lastKnownFileType = sourcecode.swift; path = AlarmViewViewController.swift; sourceTree = "<group>"; };
		3573CDA4287BA52800569CB7 /* seSAC2Week2.app */ = {isa = PBXFileReference; explicitFileType = wrapper.application; includeInIndex = 0; path = seSAC2Week2.app; sourceTree = BUILT_PRODUCTS_DIR; };
		3573CDA7287BA52800569CB7 /* AppDelegate.swift */ = {isa = PBXFileReference; lastKnownFileType = sourcecode.swift; path = AppDelegate.swift; sourceTree = "<group>"; };
		3573CDA9287BA52800569CB7 /* SceneDelegate.swift */ = {isa = PBXFileReference; lastKnownFileType = sourcecode.swift; path = SceneDelegate.swift; sourceTree = "<group>"; };
		3573CDAB287BA52800569CB7 /* ViewController.swift */ = {isa = PBXFileReference; lastKnownFileType = sourcecode.swift; path = ViewController.swift; sourceTree = "<group>"; };
		3573CDAE287BA52800569CB7 /* Base */ = {isa = PBXFileReference; lastKnownFileType = file.storyboard; name = Base; path = Base.lproj/Main.storyboard; sourceTree = "<group>"; };
		3573CDB0287BA52A00569CB7 /* Assets.xcassets */ = {isa = PBXFileReference; lastKnownFileType = folder.assetcatalog; path = Assets.xcassets; sourceTree = "<group>"; };
		3573CDB3287BA52A00569CB7 /* Base */ = {isa = PBXFileReference; lastKnownFileType = file.storyboard; name = Base; path = Base.lproj/LaunchScreen.storyboard; sourceTree = "<group>"; };
		3573CDB5287BA52A00569CB7 /* Info.plist */ = {isa = PBXFileReference; lastKnownFileType = text.plist.xml; path = Info.plist; sourceTree = "<group>"; };
		35AFEB4A287D2138002F92A6 /* SecondViewController.swift */ = {isa = PBXFileReference; lastKnownFileType = sourcecode.swift; path = SecondViewController.swift; sourceTree = "<group>"; };
		35B90FC62880F04A0041D467 /* SecondTransition01ViewController.swift */ = {isa = PBXFileReference; lastKnownFileType = sourcecode.swift; path = SecondTransition01ViewController.swift; sourceTree = "<group>"; };
		35B90FC82880FE0A0041D467 /* SecondTrasition02ViewController.swift */ = {isa = PBXFileReference; lastKnownFileType = sourcecode.swift; path = SecondTrasition02ViewController.swift; sourceTree = "<group>"; };
		35F659982880E87E00BEFDF6 /* Second.storyboard */ = {isa = PBXFileReference; lastKnownFileType = file.storyboard; path = Second.storyboard; sourceTree = "<group>"; };
/* End PBXFileReference section */

/* Begin PBXFrameworksBuildPhase section */
		3573CDA1287BA52800569CB7 /* Frameworks */ = {
			isa = PBXFrameworksBuildPhase;
			buildActionMask = 2147483647;
			files = (
			);
			runOnlyForDeploymentPostprocessing = 0;
		};
/* End PBXFrameworksBuildPhase section */

/* Begin PBXGroup section */
		353ED18C28885B4D005214A7 /* Lastfile */ = {
			isa = PBXGroup;
			children = (
				3573CDAD287BA52800569CB7 /* Main.storyboard */,
				3573CDAB287BA52800569CB7 /* ViewController.swift */,
				35F659982880E87E00BEFDF6 /* Second.storyboard */,
				35B90FC62880F04A0041D467 /* SecondTransition01ViewController.swift */,
				35B90FC82880FE0A0041D467 /* SecondTrasition02ViewController.swift */,
				35AFEB4A287D2138002F92A6 /* SecondViewController.swift */,
			);
			path = Lastfile;
			sourceTree = "<group>";
		};
		353ED18D28885BC7005214A7 /* Alarm01 */ = {
			isa = PBXGroup;
			children = (
				353ED19128885C60005214A7 /* Intro.storyboard */,
				353ED18E28885C2B005214A7 /* AlarmView */,
			);
			path = Alarm01;
			sourceTree = "<group>";
		};
		353ED18E28885C2B005214A7 /* AlarmView */ = {
			isa = PBXGroup;
			children = (
				353ED19328885C90005214A7 /* AlarmViewViewController.swift */,
			);
			path = AlarmView;
			sourceTree = "<group>";
		};
		3573CD9B287BA52800569CB7 = {
			isa = PBXGroup;
			children = (
				3573CDA6287BA52800569CB7 /* seSAC2Week2 */,
				3573CDA5287BA52800569CB7 /* Products */,
			);
			sourceTree = "<group>";
		};
		3573CDA5287BA52800569CB7 /* Products */ = {
			isa = PBXGroup;
			children = (
				3573CDA4287BA52800569CB7 /* seSAC2Week2.app */,
			);
			name = Products;
			sourceTree = "<group>";
		};
		3573CDA6287BA52800569CB7 /* seSAC2Week2 */ = {
			isa = PBXGroup;
			children = (
				353ED18D28885BC7005214A7 /* Alarm01 */,
				3573CDA7287BA52800569CB7 /* AppDelegate.swift */,
				3573CDA9287BA52800569CB7 /* SceneDelegate.swift */,
				353ED18C28885B4D005214A7 /* Lastfile */,
				3573CDB0287BA52A00569CB7 /* Assets.xcassets */,
				3573CDB2287BA52A00569CB7 /* LaunchScreen.storyboard */,
				3573CDB5287BA52A00569CB7 /* Info.plist */,
			);
			path = seSAC2Week2;
			sourceTree = "<group>";
		};
/* End PBXGroup section */

/* Begin PBXNativeTarget section */
		3573CDA3287BA52800569CB7 /* seSAC2Week2 */ = {
			isa = PBXNativeTarget;
			buildConfigurationList = 3573CDB8287BA52A00569CB7 /* Build configuration list for PBXNativeTarget "seSAC2Week2" */;
			buildPhases = (
				3573CDA0287BA52800569CB7 /* Sources */,
				3573CDA1287BA52800569CB7 /* Frameworks */,
				3573CDA2287BA52800569CB7 /* Resources */,
			);
			buildRules = (
			);
			dependencies = (
			);
			name = seSAC2Week2;
			productName = seSAC2Week2;
			productReference = 3573CDA4287BA52800569CB7 /* seSAC2Week2.app */;
			productType = "com.apple.product-type.application";
		};
/* End PBXNativeTarget section */

/* Begin PBXProject section */
		3573CD9C287BA52800569CB7 /* Project object */ = {
			isa = PBXProject;
			attributes = {
				BuildIndependentTargetsInParallel = 1;
				LastSwiftUpdateCheck = 1340;
				LastUpgradeCheck = 1340;
				TargetAttributes = {
					3573CDA3287BA52800569CB7 = {
						CreatedOnToolsVersion = 13.4.1;
					};
				};
			};
			buildConfigurationList = 3573CD9F287BA52800569CB7 /* Build configuration list for PBXProject "seSAC2Week2" */;
			compatibilityVersion = "Xcode 13.0";
			developmentRegion = en;
			hasScannedForEncodings = 0;
			knownRegions = (
				en,
				Base,
			);
			mainGroup = 3573CD9B287BA52800569CB7;
			productRefGroup = 3573CDA5287BA52800569CB7 /* Products */;
			projectDirPath = "";
			projectRoot = "";
			targets = (
				3573CDA3287BA52800569CB7 /* seSAC2Week2 */,
			);
		};
/* End PBXProject section */

/* Begin PBXResourcesBuildPhase section */
		3573CDA2287BA52800569CB7 /* Resources */ = {
			isa = PBXResourcesBuildPhase;
			buildActionMask = 2147483647;
			files = (
				35F659992880E87E00BEFDF6 /* Second.storyboard in Resources */,
				3573CDB4287BA52A00569CB7 /* LaunchScreen.storyboard in Resources */,
				3573CDB1287BA52A00569CB7 /* Assets.xcassets in Resources */,
				3573CDAF287BA52800569CB7 /* Main.storyboard in Resources */,
				353ED19228885C60005214A7 /* Intro.storyboard in Resources */,
			);
			runOnlyForDeploymentPostprocessing = 0;
		};
/* End PBXResourcesBuildPhase section */

/* Begin PBXSourcesBuildPhase section */
		3573CDA0287BA52800569CB7 /* Sources */ = {
			isa = PBXSourcesBuildPhase;
			buildActionMask = 2147483647;
			files = (
				353ED19428885C90005214A7 /* AlarmViewViewController.swift in Sources */,
				35B90FC92880FE0A0041D467 /* SecondTrasition02ViewController.swift in Sources */,
				3573CDAC287BA52800569CB7 /* ViewController.swift in Sources */,
				3573CDA8287BA52800569CB7 /* AppDelegate.swift in Sources */,
				3573CDAA287BA52800569CB7 /* SceneDelegate.swift in Sources */,
				35B90FC72880F04A0041D467 /* SecondTransition01ViewController.swift in Sources */,
				35AFEB4B287D2138002F92A6 /* SecondViewController.swift in Sources */,
			);
			runOnlyForDeploymentPostprocessing = 0;
		};
/* End PBXSourcesBuildPhase section */

/* Begin PBXVariantGroup section */
		3573CDAD287BA52800569CB7 /* Main.storyboard */ = {
			isa = PBXVariantGroup;
			children = (
				3573CDAE287BA52800569CB7 /* Base */,
			);
			name = Main.storyboard;
			sourceTree = "<group>";
		};
		3573CDB2287BA52A00569CB7 /* LaunchScreen.storyboard */ = {
			isa = PBXVariantGroup;
			children = (
				3573CDB3287BA52A00569CB7 /* Base */,
			);
			name = LaunchScreen.storyboard;
			sourceTree = "<group>";
		};
/* End PBXVariantGroup section */

/* Begin XCBuildConfiguration section */
		3573CDB6287BA52A00569CB7 /* Debug */ = {
			isa = XCBuildConfiguration;
			buildSettings = {
				ALWAYS_SEARCH_USER_PATHS = NO;
				CLANG_ANALYZER_NONNULL = YES;
				CLANG_ANALYZER_NUMBER_OBJECT_CONVERSION = YES_AGGRESSIVE;
				CLANG_CXX_LANGUAGE_STANDARD = "gnu++17";
				CLANG_ENABLE_MODULES = YES;
				CLANG_ENABLE_OBJC_ARC = YES;
				CLANG_ENABLE_OBJC_WEAK = YES;
				CLANG_WARN_BLOCK_CAPTURE_AUTORELEASING = YES;
				CLANG_WARN_BOOL_CONVERSION = YES;
				CLANG_WARN_COMMA = YES;
				CLANG_WARN_CONSTANT_CONVERSION = YES;
				CLANG_WARN_DEPRECATED_OBJC_IMPLEMENTATIONS = YES;
				CLANG_WARN_DIRECT_OBJC_ISA_USAGE = YES_ERROR;
				CLANG_WARN_DOCUMENTATION_COMMENTS = YES;
				CLANG_WARN_EMPTY_BODY = YES;
				CLANG_WARN_ENUM_CONVERSION = YES;
				CLANG_WARN_INFINITE_RECURSION = YES;
				CLANG_WARN_INT_CONVERSION = YES;
				CLANG_WARN_NON_LITERAL_NULL_CONVERSION = YES;
				CLANG_WARN_OBJC_IMPLICIT_RETAIN_SELF = YES;
				CLANG_WARN_OBJC_LITERAL_CONVERSION = YES;
				CLANG_WARN_OBJC_ROOT_CLASS = YES_ERROR;
				CLANG_WARN_QUOTED_INCLUDE_IN_FRAMEWORK_HEADER = YES;
				CLANG_WARN_RANGE_LOOP_ANALYSIS = YES;
				CLANG_WARN_STRICT_PROTOTYPES = YES;
				CLANG_WARN_SUSPICIOUS_MOVE = YES;
				CLANG_WARN_UNGUARDED_AVAILABILITY = YES_AGGRESSIVE;
				CLANG_WARN_UNREACHABLE_CODE = YES;
				CLANG_WARN__DUPLICATE_METHOD_MATCH = YES;
				COPY_PHASE_STRIP = NO;
				DEBUG_INFORMATION_FORMAT = dwarf;
				ENABLE_STRICT_OBJC_MSGSEND = YES;
				ENABLE_TESTABILITY = YES;
				GCC_C_LANGUAGE_STANDARD = gnu11;
				GCC_DYNAMIC_NO_PIC = NO;
				GCC_NO_COMMON_BLOCKS = YES;
				GCC_OPTIMIZATION_LEVEL = 0;
				GCC_PREPROCESSOR_DEFINITIONS = (
					"DEBUG=1",
					"$(inherited)",
				);
				GCC_WARN_64_TO_32_BIT_CONVERSION = YES;
				GCC_WARN_ABOUT_RETURN_TYPE = YES_ERROR;
				GCC_WARN_UNDECLARED_SELECTOR = YES;
				GCC_WARN_UNINITIALIZED_AUTOS = YES_AGGRESSIVE;
				GCC_WARN_UNUSED_FUNCTION = YES;
				GCC_WARN_UNUSED_VARIABLE = YES;
				IPHONEOS_DEPLOYMENT_TARGET = 15.0;
				MTL_ENABLE_DEBUG_INFO = INCLUDE_SOURCE;
				MTL_FAST_MATH = YES;
				ONLY_ACTIVE_ARCH = YES;
				SDKROOT = iphoneos;
				SWIFT_ACTIVE_COMPILATION_CONDITIONS = DEBUG;
				SWIFT_OPTIMIZATION_LEVEL = "-Onone";
			};
			name = Debug;
		};
		3573CDB7287BA52A00569CB7 /* Release */ = {
			isa = XCBuildConfiguration;
			buildSettings = {
				ALWAYS_SEARCH_USER_PATHS = NO;
				CLANG_ANALYZER_NONNULL = YES;
				CLANG_ANALYZER_NUMBER_OBJECT_CONVERSION = YES_AGGRESSIVE;
				CLANG_CXX_LANGUAGE_STANDARD = "gnu++17";
				CLANG_ENABLE_MODULES = YES;
				CLANG_ENABLE_OBJC_ARC = YES;
				CLANG_ENABLE_OBJC_WEAK = YES;
				CLANG_WARN_BLOCK_CAPTURE_AUTORELEASING = YES;
				CLANG_WARN_BOOL_CONVERSION = YES;
				CLANG_WARN_COMMA = YES;
				CLANG_WARN_CONSTANT_CONVERSION = YES;
				CLANG_WARN_DEPRECATED_OBJC_IMPLEMENTATIONS = YES;
				CLANG_WARN_DIRECT_OBJC_ISA_USAGE = YES_ERROR;
				CLANG_WARN_DOCUMENTATION_COMMENTS = YES;
				CLANG_WARN_EMPTY_BODY = YES;
				CLANG_WARN_ENUM_CONVERSION = YES;
				CLANG_WARN_INFINITE_RECURSION = YES;
				CLANG_WARN_INT_CONVERSION = YES;
				CLANG_WARN_NON_LITERAL_NULL_CONVERSION = YES;
				CLANG_WARN_OBJC_IMPLICIT_RETAIN_SELF = YES;
				CLANG_WARN_OBJC_LITERAL_CONVERSION = YES;
				CLANG_WARN_OBJC_ROOT_CLASS = YES_ERROR;
				CLANG_WARN_QUOTED_INCLUDE_IN_FRAMEWORK_HEADER = YES;
				CLANG_WARN_RANGE_LOOP_ANALYSIS = YES;
				CLANG_WARN_STRICT_PROTOTYPES = YES;
				CLANG_WARN_SUSPICIOUS_MOVE = YES;
				CLANG_WARN_UNGUARDED_AVAILABILITY = YES_AGGRESSIVE;
				CLANG_WARN_UNREACHABLE_CODE = YES;
				CLANG_WARN__DUPLICATE_METHOD_MATCH = YES;
				COPY_PHASE_STRIP = NO;
				DEBUG_INFORMATION_FORMAT = "dwarf-with-dsym";
				ENABLE_NS_ASSERTIONS = NO;
				ENABLE_STRICT_OBJC_MSGSEND = YES;
				GCC_C_LANGUAGE_STANDARD = gnu11;
				GCC_NO_COMMON_BLOCKS = YES;
				GCC_WARN_64_TO_32_BIT_CONVERSION = YES;
				GCC_WARN_ABOUT_RETURN_TYPE = YES_ERROR;
				GCC_WARN_UNDECLARED_SELECTOR = YES;
				GCC_WARN_UNINITIALIZED_AUTOS = YES_AGGRESSIVE;
				GCC_WARN_UNUSED_FUNCTION = YES;
				GCC_WARN_UNUSED_VARIABLE = YES;
				IPHONEOS_DEPLOYMENT_TARGET = 15.0;
				MTL_ENABLE_DEBUG_INFO = NO;
				MTL_FAST_MATH = YES;
				SDKROOT = iphoneos;
				SWIFT_COMPILATION_MODE = wholemodule;
				SWIFT_OPTIMIZATION_LEVEL = "-O";
				VALIDATE_PRODUCT = YES;
			};
			name = Release;
		};
		3573CDB9287BA52A00569CB7 /* Debug */ = {
			isa = XCBuildConfiguration;
			buildSettings = {
				ASSETCATALOG_COMPILER_APPICON_NAME = AppIcon;
				ASSETCATALOG_COMPILER_GLOBAL_ACCENT_COLOR_NAME = AccentColor;
				CODE_SIGN_STYLE = Automatic;
				CURRENT_PROJECT_VERSION = 1;
				DEVELOPMENT_TEAM = BG68R7N92W;
				GENERATE_INFOPLIST_FILE = YES;
				INFOPLIST_FILE = seSAC2Week2/Info.plist;
				INFOPLIST_KEY_UIApplicationSupportsIndirectInputEvents = YES;
				INFOPLIST_KEY_UILaunchStoryboardName = LaunchScreen;
				INFOPLIST_KEY_UIMainStoryboardFile = Intro;
				INFOPLIST_KEY_UISupportedInterfaceOrientations = UIInterfaceOrientationPortrait;
				INFOPLIST_KEY_UISupportedInterfaceOrientations_iPad = "UIInterfaceOrientationPortrait UIInterfaceOrientationPortraitUpsideDown UIInterfaceOrientationLandscapeLeft UIInterfaceOrientationLandscapeRight";
				INFOPLIST_KEY_UISupportedInterfaceOrientations_iPhone = UIInterfaceOrientationPortrait;
				INFOPLIST_KEY_UIUserInterfaceStyle = Light;
				IPHONEOS_DEPLOYMENT_TARGET = 15.0;
				LD_RUNPATH_SEARCH_PATHS = (
					"$(inherited)",
					"@executable_path/Frameworks",
				);
				MARKETING_VERSION = 1.0;
				PRODUCT_BUNDLE_IDENTIFIER = com.soul.seSAC2Week2;
				PRODUCT_NAME = "$(TARGET_NAME)";
				SWIFT_EMIT_LOC_STRINGS = YES;
				SWIFT_VERSION = 5.0;
				TARGETED_DEVICE_FAMILY = 1;
			};
			name = Debug;
		};
		3573CDBA287BA52A00569CB7 /* Release */ = {
			isa = XCBuildConfiguration;
			buildSettings = {
				ASSETCATALOG_COMPILER_APPICON_NAME = AppIcon;
				ASSETCATALOG_COMPILER_GLOBAL_ACCENT_COLOR_NAME = AccentColor;
				CODE_SIGN_STYLE = Automatic;
				CURRENT_PROJECT_VERSION = 1;
				DEVELOPMENT_TEAM = BG68R7N92W;
				GENERATE_INFOPLIST_FILE = YES;
				INFOPLIST_FILE = seSAC2Week2/Info.plist;
				INFOPLIST_KEY_UIApplicationSupportsIndirectInputEvents = YES;
				INFOPLIST_KEY_UILaunchStoryboardName = LaunchScreen;
				INFOPLIST_KEY_UIMainStoryboardFile = Intro;
				INFOPLIST_KEY_UISupportedInterfaceOrientations = UIInterfaceOrientationPortrait;
				INFOPLIST_KEY_UISupportedInterfaceOrientations_iPad = "UIInterfaceOrientationPortrait UIInterfaceOrientationPortraitUpsideDown UIInterfaceOrientationLandscapeLeft UIInterfaceOrientationLandscapeRight";
				INFOPLIST_KEY_UISupportedInterfaceOrientations_iPhone = UIInterfaceOrientationPortrait;
				INFOPLIST_KEY_UIUserInterfaceStyle = Light;
				IPHONEOS_DEPLOYMENT_TARGET = 15.0;
				LD_RUNPATH_SEARCH_PATHS = (
					"$(inherited)",
					"@executable_path/Frameworks",
				);
				MARKETING_VERSION = 1.0;
				PRODUCT_BUNDLE_IDENTIFIER = com.soul.seSAC2Week2;
				PRODUCT_NAME = "$(TARGET_NAME)";
				SWIFT_EMIT_LOC_STRINGS = YES;
				SWIFT_VERSION = 5.0;
				TARGETED_DEVICE_FAMILY = 1;
			};
			name = Release;
		};
/* End XCBuildConfiguration section */

/* Begin XCConfigurationList section */
		3573CD9F287BA52800569CB7 /* Build configuration list for PBXProject "seSAC2Week2" */ = {
			isa = XCConfigurationList;
			buildConfigurations = (
				3573CDB6287BA52A00569CB7 /* Debug */,
				3573CDB7287BA52A00569CB7 /* Release */,
			);
			defaultConfigurationIsVisible = 0;
			defaultConfigurationName = Release;
		};
		3573CDB8287BA52A00569CB7 /* Build configuration list for PBXNativeTarget "seSAC2Week2" */ = {
			isa = XCConfigurationList;
			buildConfigurations = (
				3573CDB9287BA52A00569CB7 /* Debug */,
				3573CDBA287BA52A00569CB7 /* Release */,
			);
			defaultConfigurationIsVisible = 0;
			defaultConfigurationName = Release;
		};
/* End XCConfigurationList section */
	};
	rootObject = 3573CD9C287BA52800569CB7 /* Project object */;
}
